
Microsoft Visual Studio Solution File, Format Version 12.00
# Visual Studio 15
VisualStudioVersion = 15.0.27703.2035
MinimumVisualStudioVersion = 10.0.40219.1
Project("{FAE04EC0-301F-11D3-BF4B-00C04F79EFBC}") = "CustomList", "CustomList\CustomList.csproj", "{61C428A9-02A9-4E00-A62E-E7188B03BCA4}"
EndProject
Project("{FAE04EC0-301F-11D3-BF4B-00C04F79EFBC}") = "CustomListTest", "CustomListTest\CustomListTest.csproj", "{81DDC520-6595-4F1A-9163-D6E8D6924EA3}"
EndProject
Global
	GlobalSection(SolutionConfigurationPlatforms) = preSolution
		Debug|Any CPU = Debug|Any CPU
		Release|Any CPU = Release|Any CPU
	EndGlobalSection
	GlobalSection(ProjectConfigurationPlatforms) = postSolution
		{61C428A9-02A9-4E00-A62E-E7188B03BCA4}.Debug|Any CPU.ActiveCfg = Debug|Any CPU
		{61C428A9-02A9-4E00-A62E-E7188B03BCA4}.Debug|Any CPU.Build.0 = Debug|Any CPU
		{61C428A9-02A9-4E00-A62E-E7188B03BCA4}.Release|Any CPU.ActiveCfg = Release|Any CPU
		{61C428A9-02A9-4E00-A62E-E7188B03BCA4}.Release|Any CPU.Build.0 = Release|Any CPU
		{81DDC520-6595-4F1A-9163-D6E8D6924EA3}.Debug|Any CPU.ActiveCfg = Debug|Any CPU
		{81DDC520-6595-4F1A-9163-D6E8D6924EA3}.Debug|Any CPU.Build.0 = Debug|Any CPU
		{81DDC520-6595-4F1A-9163-D6E8D6924EA3}.Release|Any CPU.ActiveCfg = Release|Any CPU
		{81DDC520-6595-4F1A-9163-D6E8D6924EA3}.Release|Any CPU.Build.0 = Release|Any CPU
	EndGlobalSection
	GlobalSection(SolutionProperties) = preSolution
		HideSolutionNode = FALSE
	EndGlobalSection
	GlobalSection(ExtensibilityGlobals) = postSolution
		SolutionGuid = {E1B8EACD-D983-4032-8A75-4A6492075D48}
	EndGlobalSection
EndGlobal
